
Microsoft Visual Studio Solution File, Format Version 12.00
# Visual Studio Version 17
VisualStudioVersion = 17.4.33205.214
MinimumVisualStudioVersion = 10.0.40219.1
Project("{9A19103F-16F7-4668-BE54-9A1E7A4F7556}") = "NTier.WebApi", "NTier.WebApi\NTier.WebApi.csproj", "{2B8DF4D6-6752-4822-8D22-01FD3EADFA5A}"
EndProject
Project("{9A19103F-16F7-4668-BE54-9A1E7A4F7556}") = "NTier.Application", "NTier.Application\NTier.Application.csproj", "{32C3A311-B9C9-4E7A-BB00-6AA3EC804695}"
EndProject
Project("{9A19103F-16F7-4668-BE54-9A1E7A4F7556}") = "NTier.Persistence", "NTier.Persistence\NTier.Persistence.csproj", "{F809ABA8-B260-4726-ADEE-3811AD076D66}"
EndProject
Project("{9A19103F-16F7-4668-BE54-9A1E7A4F7556}") = "NTier.Domain", "NTier.Domain\NTier.Domain.csproj", "{F4D20720-59A9-48A1-85D7-1C990CC85B71}"
EndProject
Project("{00D1A9C2-B5F0-4AF3-8072-F6C62B433612}") = "NTier.Persistence.Database", "NTier.Persistence.Database\NTier.Persistence.Database.sqlproj", "{04F5EA99-7F66-485F-B9DB-123E3FA0BD41}"
EndProject
Global
	GlobalSection(SolutionConfigurationPlatforms) = preSolution
		Debug|Any CPU = Debug|Any CPU
		Release|Any CPU = Release|Any CPU
	EndGlobalSection
	GlobalSection(ProjectConfigurationPlatforms) = postSolution
		{2B8DF4D6-6752-4822-8D22-01FD3EADFA5A}.Debug|Any CPU.ActiveCfg = Debug|Any CPU
		{2B8DF4D6-6752-4822-8D22-01FD3EADFA5A}.Debug|Any CPU.Build.0 = Debug|Any CPU
		{2B8DF4D6-6752-4822-8D22-01FD3EADFA5A}.Release|Any CPU.ActiveCfg = Release|Any CPU
		{2B8DF4D6-6752-4822-8D22-01FD3EADFA5A}.Release|Any CPU.Build.0 = Release|Any CPU
		{32C3A311-B9C9-4E7A-BB00-6AA3EC804695}.Debug|Any CPU.ActiveCfg = Debug|Any CPU
		{32C3A311-B9C9-4E7A-BB00-6AA3EC804695}.Debug|Any CPU.Build.0 = Debug|Any CPU
		{32C3A311-B9C9-4E7A-BB00-6AA3EC804695}.Release|Any CPU.ActiveCfg = Release|Any CPU
		{32C3A311-B9C9-4E7A-BB00-6AA3EC804695}.Release|Any CPU.Build.0 = Release|Any CPU
		{F809ABA8-B260-4726-ADEE-3811AD076D66}.Debug|Any CPU.ActiveCfg = Debug|Any CPU
		{F809ABA8-B260-4726-ADEE-3811AD076D66}.Debug|Any CPU.Build.0 = Debug|Any CPU
		{F809ABA8-B260-4726-ADEE-3811AD076D66}.Release|Any CPU.ActiveCfg = Release|Any CPU
		{F809ABA8-B260-4726-ADEE-3811AD076D66}.Release|Any CPU.Build.0 = Release|Any CPU
		{F4D20720-59A9-48A1-85D7-1C990CC85B71}.Debug|Any CPU.ActiveCfg = Debug|Any CPU
		{F4D20720-59A9-48A1-85D7-1C990CC85B71}.Debug|Any CPU.Build.0 = Debug|Any CPU
		{F4D20720-59A9-48A1-85D7-1C990CC85B71}.Release|Any CPU.ActiveCfg = Release|Any CPU
		{F4D20720-59A9-48A1-85D7-1C990CC85B71}.Release|Any CPU.Build.0 = Release|Any CPU
		{04F5EA99-7F66-485F-B9DB-123E3FA0BD41}.Debug|Any CPU.ActiveCfg = Debug|Any CPU
		{04F5EA99-7F66-485F-B9DB-123E3FA0BD41}.Debug|Any CPU.Build.0 = Debug|Any CPU
		{04F5EA99-7F66-485F-B9DB-123E3FA0BD41}.Debug|Any CPU.Deploy.0 = Debug|Any CPU
		{04F5EA99-7F66-485F-B9DB-123E3FA0BD41}.Release|Any CPU.ActiveCfg = Release|Any CPU
		{04F5EA99-7F66-485F-B9DB-123E3FA0BD41}.Release|Any CPU.Build.0 = Release|Any CPU
		{04F5EA99-7F66-485F-B9DB-123E3FA0BD41}.Release|Any CPU.Deploy.0 = Release|Any CPU
	EndGlobalSection
	GlobalSection(SolutionProperties) = preSolution
		HideSolutionNode = FALSE
	EndGlobalSection
	GlobalSection(ExtensibilityGlobals) = postSolution
		SolutionGuid = {8531635E-4796-477F-B8A2-8A82C55FC9E3}
	EndGlobalSection
EndGlobal
